// !$*UTF8*$!
{
	archiveVersion = 1;
	classes = {
	};
	objectVersion = 46;
	objects = {

/* Begin PBXBuildFile section */
		3FEC0FA01ABA67410068EA9C /* AppDelegate.swift in Sources */ = {isa = PBXBuildFile; fileRef = 3FEC0F9F1ABA67410068EA9C /* AppDelegate.swift */; };
		3FEC0FA21ABA67410068EA9C /* ViewController.swift in Sources */ = {isa = PBXBuildFile; fileRef = 3FEC0FA11ABA67410068EA9C /* ViewController.swift */; };
		3FEC0FA51ABA67410068EA9C /* Main.storyboard in Resources */ = {isa = PBXBuildFile; fileRef = 3FEC0FA31ABA67410068EA9C /* Main.storyboard */; };
		3FEC0FA71ABA67410068EA9C /* Images.xcassets in Resources */ = {isa = PBXBuildFile; fileRef = 3FEC0FA61ABA67410068EA9C /* Images.xcassets */; };
		3FEC0FAA1ABA67410068EA9C /* LaunchScreen.xib in Resources */ = {isa = PBXBuildFile; fileRef = 3FEC0FA81ABA67410068EA9C /* LaunchScreen.xib */; };
		3FEC0FB61ABA67410068EA9C /* PostcardTests.swift in Sources */ = {isa = PBXBuildFile; fileRef = 3FEC0FB51ABA67410068EA9C /* PostcardTests.swift */; };
/* End PBXBuildFile section */

/* Begin PBXContainerItemProxy section */
		3FEC0FB01ABA67410068EA9C /* PBXContainerItemProxy */ = {
			isa = PBXContainerItemProxy;
			containerPortal = 3FEC0F921ABA67410068EA9C /* Project object */;
			proxyType = 1;
			remoteGlobalIDString = 3FEC0F991ABA67410068EA9C;
			remoteInfo = Postcard;
		};
/* End PBXContainerItemProxy section */

/* Begin PBXFileReference section */
		3FEC0F9A1ABA67410068EA9C /* Postcard.app */ = {isa = PBXFileReference; explicitFileType = wrapper.application; includeInIndex = 0; path = Postcard.app; sourceTree = BUILT_PRODUCTS_DIR; };
		3FEC0F9E1ABA67410068EA9C /* Info.plist */ = {isa = PBXFileReference; lastKnownFileType = text.plist.xml; path = Info.plist; sourceTree = "<group>"; };
		3FEC0F9F1ABA67410068EA9C /* AppDelegate.swift */ = {isa = PBXFileReference; lastKnownFileType = sourcecode.swift; path = AppDelegate.swift; sourceTree = "<group>"; };
		3FEC0FA11ABA67410068EA9C /* ViewController.swift */ = {isa = PBXFileReference; lastKnownFileType = sourcecode.swift; path = ViewController.swift; sourceTree = "<group>"; };
		3FEC0FA41ABA67410068EA9C /* Base */ = {isa = PBXFileReference; lastKnownFileType = file.storyboard; name = Base; path = Base.lproj/Main.storyboard; sourceTree = "<group>"; };
		3FEC0FA61ABA67410068EA9C /* Images.xcassets */ = {isa = PBXFileReference; lastKnownFileType = folder.assetcatalog; path = Images.xcassets; sourceTree = "<group>"; };
		3FEC0FA91ABA67410068EA9C /* Base */ = {isa = PBXFileReference; lastKnownFileType = file.xib; name = Base; path = Base.lproj/LaunchScreen.xib; sourceTree = "<group>"; };
		3FEC0FAF1ABA67410068EA9C /* PostcardTests.xctest */ = {isa = PBXFileReference; explicitFileType = wrapper.cfbundle; includeInIndex = 0; path = PostcardTests.xctest; sourceTree = BUILT_PRODUCTS_DIR; };
		3FEC0FB41ABA67410068EA9C /* Info.plist */ = {isa = PBXFileReference; lastKnownFileType = text.plist.xml; path = Info.plist; sourceTree = "<group>"; };
		3FEC0FB51ABA67410068EA9C /* PostcardTests.swift */ = {isa = PBXFileReference; lastKnownFileType = sourcecode.swift; path = PostcardTests.swift; sourceTree = "<group>"; };
/* End PBXFileReference section */

/* Begin PBXFrameworksBuildPhase section */
		3FEC0F971ABA67410068EA9C /* Frameworks */ = {
			isa = PBXFrameworksBuildPhase;
			buildActionMask = 2147483647;
			files = (
			);
			runOnlyForDeploymentPostprocessing = 0;
		};
		3FEC0FAC1ABA67410068EA9C /* Frameworks */ = {
			isa = PBXFrameworksBuildPhase;
			buildActionMask = 2147483647;
			files = (
			);
			runOnlyForDeploymentPostprocessing = 0;
		};
/* End PBXFrameworksBuildPhase section */

/* Begin PBXGroup section */
		3FEC0F911ABA67410068EA9C = {
			isa = PBXGroup;
			children = (
				3FEC0F9C1ABA67410068EA9C /* Postcard */,
				3FEC0FB21ABA67410068EA9C /* PostcardTests */,
				3FEC0F9B1ABA67410068EA9C /* Products */,
			);
			sourceTree = "<group>";
		};
		3FEC0F9B1ABA67410068EA9C /* Products */ = {
			isa = PBXGroup;
			children = (
				3FEC0F9A1ABA67410068EA9C /* Postcard.app */,
				3FEC0FAF1ABA67410068EA9C /* PostcardTests.xctest */,
			);
			name = Products;
			sourceTree = "<group>";
		};
		3FEC0F9C1ABA67410068EA9C /* Postcard */ = {
			isa = PBXGroup;
			children = (
				3FEC0F9F1ABA67410068EA9C /* AppDelegate.swift */,
				3FEC0FA11ABA67410068EA9C /* ViewController.swift */,
				3FEC0FA31ABA67410068EA9C /* Main.storyboard */,
				3FEC0FA61ABA67410068EA9C /* Images.xcassets */,
				3FEC0FA81ABA67410068EA9C /* LaunchScreen.xib */,
				3FEC0F9D1ABA67410068EA9C /* Supporting Files */,
			);
			path = Postcard;
			sourceTree = "<group>";
		};
		3FEC0F9D1ABA67410068EA9C /* Supporting Files */ = {
			isa = PBXGroup;
			children = (
				3FEC0F9E1ABA67410068EA9C /* Info.plist */,
			);
			name = "Supporting Files";
			sourceTree = "<group>";
		};
		3FEC0FB21ABA67410068EA9C /* PostcardTests */ = {
			isa = PBXGroup;
			children = (
				3FEC0FB51ABA67410068EA9C /* PostcardTests.swift */,
				3FEC0FB31ABA67410068EA9C /* Supporting Files */,
			);
			path = PostcardTests;
			sourceTree = "<group>";
		};
		3FEC0FB31ABA67410068EA9C /* Supporting Files */ = {
			isa = PBXGroup;
			children = (
				3FEC0FB41ABA67410068EA9C /* Info.plist */,
			);
			name = "Supporting Files";
			sourceTree = "<group>";
		};
/* End PBXGroup section */

/* Begin PBXNativeTarget section */
		3FEC0F991ABA67410068EA9C /* Postcard */ = {
			isa = PBXNativeTarget;
			buildConfigurationList = 3FEC0FB91ABA67410068EA9C /* Build configuration list for PBXNativeTarget "Postcard" */;
			buildPhases = (
				3FEC0F961ABA67410068EA9C /* Sources */,
				3FEC0F971ABA67410068EA9C /* Frameworks */,
				3FEC0F981ABA67410068EA9C /* Resources */,
			);
			buildRules = (
			);
			dependencies = (
			);
			name = Postcard;
			productName = Postcard;
			productReference = 3FEC0F9A1ABA67410068EA9C /* Postcard.app */;
			productType = "com.apple.product-type.application";
		};
		3FEC0FAE1ABA67410068EA9C /* PostcardTests */ = {
			isa = PBXNativeTarget;
			buildConfigurationList = 3FEC0FBC1ABA67410068EA9C /* Build configuration list for PBXNativeTarget "PostcardTests" */;
			buildPhases = (
				3FEC0FAB1ABA67410068EA9C /* Sources */,
				3FEC0FAC1ABA67410068EA9C /* Frameworks */,
				3FEC0FAD1ABA67410068EA9C /* Resources */,
			);
			buildRules = (
			);
			dependencies = (
				3FEC0FB11ABA67410068EA9C /* PBXTargetDependency */,
			);
			name = PostcardTests;
			productName = PostcardTests;
			productReference = 3FEC0FAF1ABA67410068EA9C /* PostcardTests.xctest */;
			productType = "com.apple.product-type.bundle.unit-test";
		};
/* End PBXNativeTarget section */

/* Begin PBXProject section */
		3FEC0F921ABA67410068EA9C /* Project object */ = {
			isa = PBXProject;
			attributes = {
				LastUpgradeCheck = 0610;
				ORGANIZATIONNAME = "Deakin University";
				TargetAttributes = {
					3FEC0F991ABA67410068EA9C = {
						CreatedOnToolsVersion = 6.1.1;
					};
					3FEC0FAE1ABA67410068EA9C = {
						CreatedOnToolsVersion = 6.1.1;
						TestTargetID = 3FEC0F991ABA67410068EA9C;
					};
				};
			};
			buildConfigurationList = 3FEC0F951ABA67410068EA9C /* Build configuration list for PBXProject "Postcard" */;
			compatibilityVersion = "Xcode 3.2";
			developmentRegion = English;
			hasScannedForEncodings = 0;
			knownRegions = (
				en,
				Base,
			);
			mainGroup = 3FEC0F911ABA67410068EA9C;
			productRefGroup = 3FEC0F9B1ABA67410068EA9C /* Products */;
			projectDirPath = "";
			projectRoot = "";
			targets = (
				3FEC0F991ABA67410068EA9C /* Postcard */,
				3FEC0FAE1ABA67410068EA9C /* PostcardTests */,
			);
		};
/* End PBXProject section */

/* Begin PBXResourcesBuildPhase section */
		3FEC0F981ABA67410068EA9C /* Resources */ = {
			isa = PBXResourcesBuildPhase;
			buildActionMask = 2147483647;
			files = (
				3FEC0FA51ABA67410068EA9C /* Main.storyboard in Resources */,
				3FEC0FAA1ABA67410068EA9C /* LaunchScreen.xib in Resources */,
				3FEC0FA71ABA67410068EA9C /* Images.xcassets in Resources */,
			);
			runOnlyForDeploymentPostprocessing = 0;
		};
		3FEC0FAD1ABA67410068EA9C /* Resources */ = {
			isa = PBXResourcesBuildPhase;
			buildActionMask = 2147483647;
			files = (
			);
			runOnlyForDeploymentPostprocessing = 0;
		};
/* End PBXResourcesBuildPhase section */

/* Begin PBXSourcesBuildPhase section */
		3FEC0F961ABA67410068EA9C /* Sources */ = {
			isa = PBXSourcesBuildPhase;
			buildActionMask = 2147483647;
			files = (
				3FEC0FA21ABA67410068EA9C /* ViewController.swift in Sources */,
				3FEC0FA01ABA67410068EA9C /* AppDelegate.swift in Sources */,
			);
			runOnlyForDeploymentPostprocessing = 0;
		};
		3FEC0FAB1ABA67410068EA9C /* Sources */ = {
			isa = PBXSourcesBuildPhase;
			buildActionMask = 2147483647;
			files = (
				3FEC0FB61ABA67410068EA9C /* PostcardTests.swift in Sources */,
			);
			runOnlyForDeploymentPostprocessing = 0;
		};
/* End PBXSourcesBuildPhase section */

/* Begin PBXTargetDependency section */
		3FEC0FB11ABA67410068EA9C /* PBXTargetDependency */ = {
			isa = PBXTargetDependency;
			target = 3FEC0F991ABA67410068EA9C /* Postcard */;
			targetProxy = 3FEC0FB01ABA67410068EA9C /* PBXContainerItemProxy */;
		};
/* End PBXTargetDependency section */

/* Begin PBXVariantGroup section */
		3FEC0FA31ABA67410068EA9C /* Main.storyboard */ = {
			isa = PBXVariantGroup;
			children = (
				3FEC0FA41ABA67410068EA9C /* Base */,
			);
			name = Main.storyboard;
			sourceTree = "<group>";
		};
		3FEC0FA81ABA67410068EA9C /* LaunchScreen.xib */ = {
			isa = PBXVariantGroup;
			children = (
				3FEC0FA91ABA67410068EA9C /* Base */,
			);
			name = LaunchScreen.xib;
			sourceTree = "<group>";
		};
/* End PBXVariantGroup section */

/* Begin XCBuildConfiguration section */
		3FEC0FB71ABA67410068EA9C /* Debug */ = {
			isa = XCBuildConfiguration;
			buildSettings = {
				ALWAYS_SEARCH_USER_PATHS = NO;
				CLANG_CXX_LANGUAGE_STANDARD = "gnu++0x";
				CLANG_CXX_LIBRARY = "libc++";
				CLANG_ENABLE_MODULES = YES;
				CLANG_ENABLE_OBJC_ARC = YES;
				CLANG_WARN_BOOL_CONVERSION = YES;
				CLANG_WARN_CONSTANT_CONVERSION = YES;
				CLANG_WARN_DIRECT_OBJC_ISA_USAGE = YES_ERROR;
				CLANG_WARN_EMPTY_BODY = YES;
				CLANG_WARN_ENUM_CONVERSION = YES;
				CLANG_WARN_INT_CONVERSION = YES;
				CLANG_WARN_OBJC_ROOT_CLASS = YES_ERROR;
				CLANG_WARN_UNREACHABLE_CODE = YES;
				CLANG_WARN__DUPLICATE_METHOD_MATCH = YES;
				"CODE_SIGN_IDENTITY[sdk=iphoneos*]" = "iPhone Developer";
				COPY_PHASE_STRIP = NO;
				ENABLE_STRICT_OBJC_MSGSEND = YES;
				GCC_C_LANGUAGE_STANDARD = gnu99;
				GCC_DYNAMIC_NO_PIC = NO;
				GCC_OPTIMIZATION_LEVEL = 0;
				GCC_PREPROCESSOR_DEFINITIONS = (
					"DEBUG=1",
					"$(inherited)",
				);
				GCC_SYMBOLS_PRIVATE_EXTERN = NO;
				GCC_WARN_64_TO_32_BIT_CONVERSION = YES;
				GCC_WARN_ABOUT_RETURN_TYPE = YES_ERROR;
				GCC_WARN_UNDECLARED_SELECTOR = YES;
				GCC_WARN_UNINITIALIZED_AUTOS = YES_AGGRESSIVE;
				GCC_WARN_UNUSED_FUNCTION = YES;
				GCC_WARN_UNUSED_VARIABLE = YES;
				IPHONEOS_DEPLOYMENT_TARGET = 8.1;
				MTL_ENABLE_DEBUG_INFO = YES;
				ONLY_ACTIVE_ARCH = YES;
				SDKROOT = iphoneos;
				SWIFT_OPTIMIZATION_LEVEL = "-Onone";
				TARGETED_DEVICE_FAMILY = "1,2";
			};
			name = Debug;
		};
		3FEC0FB81ABA67410068EA9C /* Release */ = {
			isa = XCBuildConfiguration;
			buildSettings = {
				ALWAYS_SEARCH_USER_PATHS = NO;
				CLANG_CXX_LANGUAGE_STANDARD = "gnu++0x";
				CLANG_CXX_LIBRARY = "libc++";
				CLANG_ENABLE_MODULES = YES;
				CLANG_ENABLE_OBJC_ARC = YES;
				CLANG_WARN_BOOL_CONVERSION = YES;
				CLANG_WARN_CONSTANT_CONVERSION = YES;
				CLANG_WARN_DIRECT_OBJC_ISA_USAGE = YES_ERROR;
				CLANG_WARN_EMPTY_BODY = YES;
				CLANG_WARN_ENUM_CONVERSION = YES;
				CLANG_WARN_INT_CONVERSION = YES;
				CLANG_WARN_OBJC_ROOT_CLASS = YES_ERROR;
				CLANG_WARN_UNREACHABLE_CODE = YES;
				CLANG_WARN__DUPLICATE_METHOD_MATCH = YES;
				"CODE_SIGN_IDENTITY[sdk=iphoneos*]" = "iPhone Developer";
				COPY_PHASE_STRIP = YES;
				ENABLE_NS_ASSERTIONS = NO;
				ENABLE_STRICT_OBJC_MSGSEND = YES;
				GCC_C_LANGUAGE_STANDARD = gnu99;
				GCC_WARN_64_TO_32_BIT_CONVERSION = YES;
				GCC_WARN_ABOUT_RETURN_TYPE = YES_ERROR;
				GCC_WARN_UNDECLARED_SELECTOR = YES;
				GCC_WARN_UNINITIALIZED_AUTOS = YES_AGGRESSIVE;
				GCC_WARN_UNUSED_FUNCTION = YES;
				GCC_WARN_UNUSED_VARIABLE = YES;
				IPHONEOS_DEPLOYMENT_TARGET = 8.1;
				MTL_ENABLE_DEBUG_INFO = NO;
				SDKROOT = iphoneos;
				TARGETED_DEVICE_FAMILY = "1,2";
				VALIDATE_PRODUCT = YES;
			};
			name = Release;
		};
		3FEC0FBA1ABA67410068EA9C /* Debug */ = {
			isa = XCBuildConfiguration;
			buildSettings = {
				ASSETCATALOG_COMPILER_APPICON_NAME = AppIcon;
				INFOPLIST_FILE = Postcard/Info.plist;
				LD_RUNPATH_SEARCH_PATHS = "$(inherited) @executable_path/Frameworks";
				PRODUCT_NAME = "$(TARGET_NAME)";
			};
			name = Debug;
		};
		3FEC0FBB1ABA67410068EA9C /* Release */ = {
			isa = XCBuildConfiguration;
			buildSettings = {
				ASSETCATALOG_COMPILER_APPICON_NAME = AppIcon;
				INFOPLIST_FILE = Postcard/Info.plist;
				LD_RUNPATH_SEARCH_PATHS = "$(inherited) @executable_path/Frameworks";
				PRODUCT_NAME = "$(TARGET_NAME)";
			};
			name = Release;
		};
		3FEC0FBD1ABA67410068EA9C /* Debug */ = {
			isa = XCBuildConfiguration;
			buildSettings = {
				BUNDLE_LOADER = "$(TEST_HOST)";
				FRAMEWORK_SEARCH_PATHS = (
					"$(SDKROOT)/Developer/Library/Frameworks",
					"$(inherited)",
				);
				GCC_PREPROCESSOR_DEFINITIONS = (
					"DEBUG=1",
					"$(inherited)",
				);
				INFOPLIST_FILE = PostcardTests/Info.plist;
				LD_RUNPATH_SEARCH_PATHS = "$(inherited) @executable_path/Frameworks @loader_path/Frameworks";
				PRODUCT_NAME = "$(TARGET_NAME)";
				TEST_HOST = "$(BUILT_PRODUCTS_DIR)/Postcard.app/Postcard";
			};
			name = Debug;
		};
		3FEC0FBE1ABA67410068EA9C /* Release */ = {
			isa = XCBuildConfiguration;
			buildSettings = {
				BUNDLE_LOADER = "$(TEST_HOST)";
				FRAMEWORK_SEARCH_PATHS = (
					"$(SDKROOT)/Developer/Library/Frameworks",
					"$(inherited)",
				);
				INFOPLIST_FILE = PostcardTests/Info.plist;
				LD_RUNPATH_SEARCH_PATHS = "$(inherited) @executable_path/Frameworks @loader_path/Frameworks";
				PRODUCT_NAME = "$(TARGET_NAME)";
				TEST_HOST = "$(BUILT_PRODUCTS_DIR)/Postcard.app/Postcard";
			};
			name = Release;
		};
/* End XCBuildConfiguration section */

/* Begin XCConfigurationList section */
		3FEC0F951ABA67410068EA9C /* Build configuration list for PBXProject "Postcard" */ = {
			isa = XCConfigurationList;
			buildConfigurations = (
				3FEC0FB71ABA67410068EA9C /* Debug */,
				3FEC0FB81ABA67410068EA9C /* Release */,
			);
			defaultConfigurationIsVisible = 0;
			defaultConfigurationName = Release;
		};
		3FEC0FB91ABA67410068EA9C /* Build configuration list for PBXNativeTarget "Postcard" */ = {
			isa = XCConfigurationList;
			buildConfigurations = (
				3FEC0FBA1ABA67410068EA9C /* Debug */,
				3FEC0FBB1ABA67410068EA9C /* Release */,
			);
			defaultConfigurationIsVisible = 0;
		};
		3FEC0FBC1ABA67410068EA9C /* Build configuration list for PBXNativeTarget "PostcardTests" */ = {
			isa = XCConfigurationList;
			buildConfigurations = (
				3FEC0FBD1ABA67410068EA9C /* Debug */,
				3FEC0FBE1ABA67410068EA9C /* Release */,
			);
			defaultConfigurationIsVisible = 0;
		};
/* End XCConfigurationList section */
	};
	rootObject = 3FEC0F921ABA67410068EA9C /* Project object */;
}
